// !$*UTF8*$!
{
	archiveVersion = 1;
	classes = {
	};
	objectVersion = 50;
	objects = {

/* Begin PBXBuildFile section */
		95059D2826E798F000F8834B /* AppDelegate.swift in Sources */ = {isa = PBXBuildFile; fileRef = 95059D2726E798F000F8834B /* AppDelegate.swift */; };
		95059D2A26E798F000F8834B /* SceneDelegate.swift in Sources */ = {isa = PBXBuildFile; fileRef = 95059D2926E798F000F8834B /* SceneDelegate.swift */; };
		95059D2F26E798F000F8834B /* Main.storyboard in Resources */ = {isa = PBXBuildFile; fileRef = 95059D2D26E798F000F8834B /* Main.storyboard */; };
		95059D3226E798F000F8834B /* Zalak_DRCDemo.xcdatamodeld in Sources */ = {isa = PBXBuildFile; fileRef = 95059D3026E798F000F8834B /* Zalak_DRCDemo.xcdatamodeld */; };
		95059D3426E798F300F8834B /* Assets.xcassets in Resources */ = {isa = PBXBuildFile; fileRef = 95059D3326E798F300F8834B /* Assets.xcassets */; };
		95059D3726E798F300F8834B /* LaunchScreen.storyboard in Resources */ = {isa = PBXBuildFile; fileRef = 95059D3526E798F300F8834B /* LaunchScreen.storyboard */; };
		95059D4726E7A7CD00F8834B /* NewsTableViewCell.swift in Sources */ = {isa = PBXBuildFile; fileRef = 95059D4626E7A7CD00F8834B /* NewsTableViewCell.swift */; };
		95059D4926E7A96600F8834B /* NewsDetailViewController.swift in Sources */ = {isa = PBXBuildFile; fileRef = 95059D4826E7A96600F8834B /* NewsDetailViewController.swift */; };
		95059D4B26E7A97200F8834B /* NewsListViewController.swift in Sources */ = {isa = PBXBuildFile; fileRef = 95059D4A26E7A97200F8834B /* NewsListViewController.swift */; };
		9514815426E7AC400048FB44 /* WebLinkViewController.swift in Sources */ = {isa = PBXBuildFile; fileRef = 9514815326E7AC400048FB44 /* WebLinkViewController.swift */; };
		9514815726E7AC5A0048FB44 /* ImageViewController.swift in Sources */ = {isa = PBXBuildFile; fileRef = 9514815626E7AC5A0048FB44 /* ImageViewController.swift */; };
		9514815B26E7B3C70048FB44 /* Utility.swift in Sources */ = {isa = PBXBuildFile; fileRef = 9514815A26E7B3C70048FB44 /* Utility.swift */; };
		9514815E26E7B9D20048FB44 /* NewsModel.swift in Sources */ = {isa = PBXBuildFile; fileRef = 9514815D26E7B9D20048FB44 /* NewsModel.swift */; };
		9514816326E7C6390048FB44 /* PersistantStorage.swift in Sources */ = {isa = PBXBuildFile; fileRef = 9514816226E7C6390048FB44 /* PersistantStorage.swift */; };
		9514816526E7C69A0048FB44 /* DBManager.swift in Sources */ = {isa = PBXBuildFile; fileRef = 9514816426E7C69A0048FB44 /* DBManager.swift */; };
		9514816726E7C6D40048FB44 /* ArticleDataSync.swift in Sources */ = {isa = PBXBuildFile; fileRef = 9514816626E7C6D40048FB44 /* ArticleDataSync.swift */; };
/* End PBXBuildFile section */

/* Begin PBXFileReference section */
		95059D2426E798F000F8834B /* Zalak_DRCDemo.app */ = {isa = PBXFileReference; explicitFileType = wrapper.application; includeInIndex = 0; path = Zalak_DRCDemo.app; sourceTree = BUILT_PRODUCTS_DIR; };
		95059D2726E798F000F8834B /* AppDelegate.swift */ = {isa = PBXFileReference; lastKnownFileType = sourcecode.swift; path = AppDelegate.swift; sourceTree = "<group>"; };
		95059D2926E798F000F8834B /* SceneDelegate.swift */ = {isa = PBXFileReference; lastKnownFileType = sourcecode.swift; path = SceneDelegate.swift; sourceTree = "<group>"; };
		95059D2E26E798F000F8834B /* Base */ = {isa = PBXFileReference; lastKnownFileType = file.storyboard; name = Base; path = Base.lproj/Main.storyboard; sourceTree = "<group>"; };
		95059D3126E798F000F8834B /* Zalak_DRCDemo.xcdatamodel */ = {isa = PBXFileReference; lastKnownFileType = wrapper.xcdatamodel; path = Zalak_DRCDemo.xcdatamodel; sourceTree = "<group>"; };
		95059D3326E798F300F8834B /* Assets.xcassets */ = {isa = PBXFileReference; lastKnownFileType = folder.assetcatalog; path = Assets.xcassets; sourceTree = "<group>"; };
		95059D3626E798F300F8834B /* Base */ = {isa = PBXFileReference; lastKnownFileType = file.storyboard; name = Base; path = Base.lproj/LaunchScreen.storyboard; sourceTree = "<group>"; };
		95059D3826E798F300F8834B /* Info.plist */ = {isa = PBXFileReference; lastKnownFileType = text.plist.xml; path = Info.plist; sourceTree = "<group>"; };
		95059D4626E7A7CD00F8834B /* NewsTableViewCell.swift */ = {isa = PBXFileReference; lastKnownFileType = sourcecode.swift; path = NewsTableViewCell.swift; sourceTree = "<group>"; };
		95059D4826E7A96600F8834B /* NewsDetailViewController.swift */ = {isa = PBXFileReference; lastKnownFileType = sourcecode.swift; path = NewsDetailViewController.swift; sourceTree = "<group>"; };
		95059D4A26E7A97200F8834B /* NewsListViewController.swift */ = {isa = PBXFileReference; lastKnownFileType = sourcecode.swift; path = NewsListViewController.swift; sourceTree = "<group>"; };
		9514815326E7AC400048FB44 /* WebLinkViewController.swift */ = {isa = PBXFileReference; lastKnownFileType = sourcecode.swift; path = WebLinkViewController.swift; sourceTree = "<group>"; };
		9514815626E7AC5A0048FB44 /* ImageViewController.swift */ = {isa = PBXFileReference; lastKnownFileType = sourcecode.swift; path = ImageViewController.swift; sourceTree = "<group>"; };
		9514815A26E7B3C70048FB44 /* Utility.swift */ = {isa = PBXFileReference; lastKnownFileType = sourcecode.swift; path = Utility.swift; sourceTree = "<group>"; };
		9514815D26E7B9D20048FB44 /* NewsModel.swift */ = {isa = PBXFileReference; lastKnownFileType = sourcecode.swift; path = NewsModel.swift; sourceTree = "<group>"; };
		9514816226E7C6390048FB44 /* PersistantStorage.swift */ = {isa = PBXFileReference; lastKnownFileType = sourcecode.swift; path = PersistantStorage.swift; sourceTree = "<group>"; };
		9514816426E7C69A0048FB44 /* DBManager.swift */ = {isa = PBXFileReference; lastKnownFileType = sourcecode.swift; path = DBManager.swift; sourceTree = "<group>"; };
		9514816626E7C6D40048FB44 /* ArticleDataSync.swift */ = {isa = PBXFileReference; lastKnownFileType = sourcecode.swift; path = ArticleDataSync.swift; sourceTree = "<group>"; };
/* End PBXFileReference section */

/* Begin PBXFrameworksBuildPhase section */
		95059D2126E798F000F8834B /* Frameworks */ = {
			isa = PBXFrameworksBuildPhase;
			buildActionMask = 2147483647;
			files = (
			);
			runOnlyForDeploymentPostprocessing = 0;
		};
/* End PBXFrameworksBuildPhase section */

/* Begin PBXGroup section */
		95059D1B26E798F000F8834B = {
			isa = PBXGroup;
			children = (
				95059D2626E798F000F8834B /* Zalak_DRCDemo */,
				95059D2526E798F000F8834B /* Products */,
			);
			sourceTree = "<group>";
		};
		95059D2526E798F000F8834B /* Products */ = {
			isa = PBXGroup;
			children = (
				95059D2426E798F000F8834B /* Zalak_DRCDemo.app */,
			);
			name = Products;
			sourceTree = "<group>";
		};
		95059D2626E798F000F8834B /* Zalak_DRCDemo */ = {
			isa = PBXGroup;
			children = (
				9514816126E7C61C0048FB44 /* DataBase */,
				9514815C26E7B9C40048FB44 /* Model */,
				95059D2726E798F000F8834B /* AppDelegate.swift */,
				95059D2926E798F000F8834B /* SceneDelegate.swift */,
				95059D3E26E7A74100F8834B /* ViewController */,
				9514815826E7B3AA0048FB44 /* Application */,
				95059D2D26E798F000F8834B /* Main.storyboard */,
				95059D3326E798F300F8834B /* Assets.xcassets */,
				95059D3526E798F300F8834B /* LaunchScreen.storyboard */,
				95059D3826E798F300F8834B /* Info.plist */,
			);
			path = Zalak_DRCDemo;
			sourceTree = "<group>";
		};
		95059D3E26E7A74100F8834B /* ViewController */ = {
			isa = PBXGroup;
			children = (
				95059D3F26E7A75C00F8834B /* ListViewController */,
				95059D4026E7A76F00F8834B /* DetailViewController */,
				9514815226E7AC200048FB44 /* WebController */,
				9514815526E7AC450048FB44 /* ImageViewController */,
			);
			path = ViewController;
			sourceTree = "<group>";
		};
		95059D3F26E7A75C00F8834B /* ListViewController */ = {
			isa = PBXGroup;
			children = (
				95059D4326E7A79700F8834B /* View */,
				95059D4A26E7A97200F8834B /* NewsListViewController.swift */,
			);
			path = ListViewController;
			sourceTree = "<group>";
		};
		95059D4026E7A76F00F8834B /* DetailViewController */ = {
			isa = PBXGroup;
			children = (
				95059D4826E7A96600F8834B /* NewsDetailViewController.swift */,
			);
			path = DetailViewController;
			sourceTree = "<group>";
		};
		95059D4326E7A79700F8834B /* View */ = {
			isa = PBXGroup;
			children = (
				95059D4626E7A7CD00F8834B /* NewsTableViewCell.swift */,
			);
			path = View;
			sourceTree = "<group>";
		};
		9514815226E7AC200048FB44 /* WebController */ = {
			isa = PBXGroup;
			children = (
				9514815326E7AC400048FB44 /* WebLinkViewController.swift */,
			);
			path = WebController;
			sourceTree = "<group>";
		};
		9514815526E7AC450048FB44 /* ImageViewController */ = {
			isa = PBXGroup;
			children = (
				9514815626E7AC5A0048FB44 /* ImageViewController.swift */,
			);
			path = ImageViewController;
			sourceTree = "<group>";
		};
		9514815826E7B3AA0048FB44 /* Application */ = {
			isa = PBXGroup;
			children = (
				9514815926E7B3BA0048FB44 /* Utility */,
			);
			path = Application;
			sourceTree = "<group>";
		};
		9514815926E7B3BA0048FB44 /* Utility */ = {
			isa = PBXGroup;
			children = (
				9514815A26E7B3C70048FB44 /* Utility.swift */,
			);
			path = Utility;
			sourceTree = "<group>";
		};
		9514815C26E7B9C40048FB44 /* Model */ = {
			isa = PBXGroup;
			children = (
				9514815D26E7B9D20048FB44 /* NewsModel.swift */,
			);
			path = Model;
			sourceTree = "<group>";
		};
		9514816126E7C61C0048FB44 /* DataBase */ = {
			isa = PBXGroup;
			children = (
				95059D3026E798F000F8834B /* Zalak_DRCDemo.xcdatamodeld */,
				9514816226E7C6390048FB44 /* PersistantStorage.swift */,
				9514816426E7C69A0048FB44 /* DBManager.swift */,
				9514816626E7C6D40048FB44 /* ArticleDataSync.swift */,
			);
			path = DataBase;
			sourceTree = "<group>";
		};
/* End PBXGroup section */

/* Begin PBXNativeTarget section */
		95059D2326E798F000F8834B /* Zalak_DRCDemo */ = {
			isa = PBXNativeTarget;
			buildConfigurationList = 95059D3B26E798F300F8834B /* Build configuration list for PBXNativeTarget "Zalak_DRCDemo" */;
			buildPhases = (
				95059D2026E798F000F8834B /* Sources */,
				95059D2126E798F000F8834B /* Frameworks */,
				95059D2226E798F000F8834B /* Resources */,
			);
			buildRules = (
			);
			dependencies = (
			);
			name = Zalak_DRCDemo;
			productName = Zalak_DRCDemo;
			productReference = 95059D2426E798F000F8834B /* Zalak_DRCDemo.app */;
			productType = "com.apple.product-type.application";
		};
/* End PBXNativeTarget section */

/* Begin PBXProject section */
		95059D1C26E798F000F8834B /* Project object */ = {
			isa = PBXProject;
			attributes = {
				LastSwiftUpdateCheck = 1150;
				LastUpgradeCheck = 1150;
				ORGANIZATIONNAME = Zalak;
				TargetAttributes = {
					95059D2326E798F000F8834B = {
						CreatedOnToolsVersion = 11.5;
					};
				};
			};
			buildConfigurationList = 95059D1F26E798F000F8834B /* Build configuration list for PBXProject "Zalak_DRCDemo" */;
			compatibilityVersion = "Xcode 9.3";
			developmentRegion = en;
			hasScannedForEncodings = 0;
			knownRegions = (
				en,
				Base,
			);
			mainGroup = 95059D1B26E798F000F8834B;
			productRefGroup = 95059D2526E798F000F8834B /* Products */;
			projectDirPath = "";
			projectRoot = "";
			targets = (
				95059D2326E798F000F8834B /* Zalak_DRCDemo */,
			);
		};
/* End PBXProject section */

/* Begin PBXResourcesBuildPhase section */
		95059D2226E798F000F8834B /* Resources */ = {
			isa = PBXResourcesBuildPhase;
			buildActionMask = 2147483647;
			files = (
				95059D3726E798F300F8834B /* LaunchScreen.storyboard in Resources */,
				95059D3426E798F300F8834B /* Assets.xcassets in Resources */,
				95059D2F26E798F000F8834B /* Main.storyboard in Resources */,
			);
			runOnlyForDeploymentPostprocessing = 0;
		};
/* End PBXResourcesBuildPhase section */

/* Begin PBXSourcesBuildPhase section */
		95059D2026E798F000F8834B /* Sources */ = {
			isa = PBXSourcesBuildPhase;
			buildActionMask = 2147483647;
			files = (
				95059D4926E7A96600F8834B /* NewsDetailViewController.swift in Sources */,
				95059D4726E7A7CD00F8834B /* NewsTableViewCell.swift in Sources */,
				9514816526E7C69A0048FB44 /* DBManager.swift in Sources */,
				9514815B26E7B3C70048FB44 /* Utility.swift in Sources */,
				9514816726E7C6D40048FB44 /* ArticleDataSync.swift in Sources */,
				9514816326E7C6390048FB44 /* PersistantStorage.swift in Sources */,
				9514815426E7AC400048FB44 /* WebLinkViewController.swift in Sources */,
				9514815E26E7B9D20048FB44 /* NewsModel.swift in Sources */,
				95059D2826E798F000F8834B /* AppDelegate.swift in Sources */,
				95059D3226E798F000F8834B /* Zalak_DRCDemo.xcdatamodeld in Sources */,
				95059D4B26E7A97200F8834B /* NewsListViewController.swift in Sources */,
				9514815726E7AC5A0048FB44 /* ImageViewController.swift in Sources */,
				95059D2A26E798F000F8834B /* SceneDelegate.swift in Sources */,
			);
			runOnlyForDeploymentPostprocessing = 0;
		};
/* End PBXSourcesBuildPhase section */

/* Begin PBXVariantGroup section */
		95059D2D26E798F000F8834B /* Main.storyboard */ = {
			isa = PBXVariantGroup;
			children = (
				95059D2E26E798F000F8834B /* Base */,
			);
			name = Main.storyboard;
			sourceTree = "<group>";
		};
		95059D3526E798F300F8834B /* LaunchScreen.storyboard */ = {
			isa = PBXVariantGroup;
			children = (
				95059D3626E798F300F8834B /* Base */,
			);
			name = LaunchScreen.storyboard;
			sourceTree = "<group>";
		};
/* End PBXVariantGroup section */

/* Begin XCBuildConfiguration section */
		95059D3926E798F300F8834B /* Debug */ = {
			isa = XCBuildConfiguration;
			buildSettings = {
				ALWAYS_SEARCH_USER_PATHS = NO;
				CLANG_ANALYZER_NONNULL = YES;
				CLANG_ANALYZER_NUMBER_OBJECT_CONVERSION = YES_AGGRESSIVE;
				CLANG_CXX_LANGUAGE_STANDARD = "gnu++14";
				CLANG_CXX_LIBRARY = "libc++";
				CLANG_ENABLE_MODULES = YES;
				CLANG_ENABLE_OBJC_ARC = YES;
				CLANG_ENABLE_OBJC_WEAK = YES;
				CLANG_WARN_BLOCK_CAPTURE_AUTORELEASING = YES;
				CLANG_WARN_BOOL_CONVERSION = YES;
				CLANG_WARN_COMMA = YES;
				CLANG_WARN_CONSTANT_CONVERSION = YES;
				CLANG_WARN_DEPRECATED_OBJC_IMPLEMENTATIONS = YES;
				CLANG_WARN_DIRECT_OBJC_ISA_USAGE = YES_ERROR;
				CLANG_WARN_DOCUMENTATION_COMMENTS = YES;
				CLANG_WARN_EMPTY_BODY = YES;
				CLANG_WARN_ENUM_CONVERSION = YES;
				CLANG_WARN_INFINITE_RECURSION = YES;
				CLANG_WARN_INT_CONVERSION = YES;
				CLANG_WARN_NON_LITERAL_NULL_CONVERSION = YES;
				CLANG_WARN_OBJC_IMPLICIT_RETAIN_SELF = YES;
				CLANG_WARN_OBJC_LITERAL_CONVERSION = YES;
				CLANG_WARN_OBJC_ROOT_CLASS = YES_ERROR;
				CLANG_WARN_RANGE_LOOP_ANALYSIS = YES;
				CLANG_WARN_STRICT_PROTOTYPES = YES;
				CLANG_WARN_SUSPICIOUS_MOVE = YES;
				CLANG_WARN_UNGUARDED_AVAILABILITY = YES_AGGRESSIVE;
				CLANG_WARN_UNREACHABLE_CODE = YES;
				CLANG_WARN__DUPLICATE_METHOD_MATCH = YES;
				COPY_PHASE_STRIP = NO;
				DEBUG_INFORMATION_FORMAT = dwarf;
				ENABLE_STRICT_OBJC_MSGSEND = YES;
				ENABLE_TESTABILITY = YES;
				GCC_C_LANGUAGE_STANDARD = gnu11;
				GCC_DYNAMIC_NO_PIC = NO;
				GCC_NO_COMMON_BLOCKS = YES;
				GCC_OPTIMIZATION_LEVEL = 0;
				GCC_PREPROCESSOR_DEFINITIONS = (
					"DEBUG=1",
					"$(inherited)",
				);
				GCC_WARN_64_TO_32_BIT_CONVERSION = YES;
				GCC_WARN_ABOUT_RETURN_TYPE = YES_ERROR;
				GCC_WARN_UNDECLARED_SELECTOR = YES;
				GCC_WARN_UNINITIALIZED_AUTOS = YES_AGGRESSIVE;
				GCC_WARN_UNUSED_FUNCTION = YES;
				GCC_WARN_UNUSED_VARIABLE = YES;
				IPHONEOS_DEPLOYMENT_TARGET = 13.5;
				MTL_ENABLE_DEBUG_INFO = INCLUDE_SOURCE;
				MTL_FAST_MATH = YES;
				ONLY_ACTIVE_ARCH = YES;
				SDKROOT = iphoneos;
				SWIFT_ACTIVE_COMPILATION_CONDITIONS = DEBUG;
				SWIFT_OPTIMIZATION_LEVEL = "-Onone";
			};
			name = Debug;
		};
		95059D3A26E798F300F8834B /* Release */ = {
			isa = XCBuildConfiguration;
			buildSettings = {
				ALWAYS_SEARCH_USER_PATHS = NO;
				CLANG_ANALYZER_NONNULL = YES;
				CLANG_ANALYZER_NUMBER_OBJECT_CONVERSION = YES_AGGRESSIVE;
				CLANG_CXX_LANGUAGE_STANDARD = "gnu++14";
				CLANG_CXX_LIBRARY = "libc++";
				CLANG_ENABLE_MODULES = YES;
				CLANG_ENABLE_OBJC_ARC = YES;
				CLANG_ENABLE_OBJC_WEAK = YES;
				CLANG_WARN_BLOCK_CAPTURE_AUTORELEASING = YES;
				CLANG_WARN_BOOL_CONVERSION = YES;
				CLANG_WARN_COMMA = YES;
				CLANG_WARN_CONSTANT_CONVERSION = YES;
				CLANG_WARN_DEPRECATED_OBJC_IMPLEMENTATIONS = YES;
				CLANG_WARN_DIRECT_OBJC_ISA_USAGE = YES_ERROR;
				CLANG_WARN_DOCUMENTATION_COMMENTS = YES;
				CLANG_WARN_EMPTY_BODY = YES;
				CLANG_WARN_ENUM_CONVERSION = YES;
				CLANG_WARN_INFINITE_RECURSION = YES;
				CLANG_WARN_INT_CONVERSION = YES;
				CLANG_WARN_NON_LITERAL_NULL_CONVERSION = YES;
				CLANG_WARN_OBJC_IMPLICIT_RETAIN_SELF = YES;
				CLANG_WARN_OBJC_LITERAL_CONVERSION = YES;
				CLANG_WARN_OBJC_ROOT_CLASS = YES_ERROR;
				CLANG_WARN_RANGE_LOOP_ANALYSIS = YES;
				CLANG_WARN_STRICT_PROTOTYPES = YES;
				CLANG_WARN_SUSPICIOUS_MOVE = YES;
				CLANG_WARN_UNGUARDED_AVAILABILITY = YES_AGGRESSIVE;
				CLANG_WARN_UNREACHABLE_CODE = YES;
				CLANG_WARN__DUPLICATE_METHOD_MATCH = YES;
				COPY_PHASE_STRIP = NO;
				DEBUG_INFORMATION_FORMAT = "dwarf-with-dsym";
				ENABLE_NS_ASSERTIONS = NO;
				ENABLE_STRICT_OBJC_MSGSEND = YES;
				GCC_C_LANGUAGE_STANDARD = gnu11;
				GCC_NO_COMMON_BLOCKS = YES;
				GCC_WARN_64_TO_32_BIT_CONVERSION = YES;
				GCC_WARN_ABOUT_RETURN_TYPE = YES_ERROR;
				GCC_WARN_UNDECLARED_SELECTOR = YES;
				GCC_WARN_UNINITIALIZED_AUTOS = YES_AGGRESSIVE;
				GCC_WARN_UNUSED_FUNCTION = YES;
				GCC_WARN_UNUSED_VARIABLE = YES;
				IPHONEOS_DEPLOYMENT_TARGET = 13.5;
				MTL_ENABLE_DEBUG_INFO = NO;
				MTL_FAST_MATH = YES;
				SDKROOT = iphoneos;
				SWIFT_COMPILATION_MODE = wholemodule;
				SWIFT_OPTIMIZATION_LEVEL = "-O";
				VALIDATE_PRODUCT = YES;
			};
			name = Release;
		};
		95059D3C26E798F300F8834B /* Debug */ = {
			isa = XCBuildConfiguration;
			buildSettings = {
				ASSETCATALOG_COMPILER_APPICON_NAME = AppIcon;
				CODE_SIGN_STYLE = Automatic;
				DEVELOPMENT_TEAM = CD9HEDL2HQ;
				INFOPLIST_FILE = Zalak_DRCDemo/Info.plist;
				LD_RUNPATH_SEARCH_PATHS = (
					"$(inherited)",
					"@executable_path/Frameworks",
				);
				PRODUCT_BUNDLE_IDENTIFIER = "zalak.app.Zalak-DRCDemo";
				PRODUCT_NAME = "$(TARGET_NAME)";
				SWIFT_VERSION = 5.0;
				TARGETED_DEVICE_FAMILY = 1;
			};
			name = Debug;
		};
		95059D3D26E798F300F8834B /* Release */ = {
			isa = XCBuildConfiguration;
			buildSettings = {
				ASSETCATALOG_COMPILER_APPICON_NAME = AppIcon;
				CODE_SIGN_STYLE = Automatic;
				DEVELOPMENT_TEAM = CD9HEDL2HQ;
				INFOPLIST_FILE = Zalak_DRCDemo/Info.plist;
				LD_RUNPATH_SEARCH_PATHS = (
					"$(inherited)",
					"@executable_path/Frameworks",
				);
				PRODUCT_BUNDLE_IDENTIFIER = "zalak.app.Zalak-DRCDemo";
				PRODUCT_NAME = "$(TARGET_NAME)";
				SWIFT_VERSION = 5.0;
				TARGETED_DEVICE_FAMILY = 1;
			};
			name = Release;
		};
/* End XCBuildConfiguration section */

/* Begin XCConfigurationList section */
		95059D1F26E798F000F8834B /* Build configuration list for PBXProject "Zalak_DRCDemo" */ = {
			isa = XCConfigurationList;
			buildConfigurations = (
				95059D3926E798F300F8834B /* Debug */,
				95059D3A26E798F300F8834B /* Release */,
			);
			defaultConfigurationIsVisible = 0;
			defaultConfigurationName = Release;
		};
		95059D3B26E798F300F8834B /* Build configuration list for PBXNativeTarget "Zalak_DRCDemo" */ = {
			isa = XCConfigurationList;
			buildConfigurations = (
				95059D3C26E798F300F8834B /* Debug */,
				95059D3D26E798F300F8834B /* Release */,
			);
			defaultConfigurationIsVisible = 0;
			defaultConfigurationName = Release;
		};
/* End XCConfigurationList section */

/* Begin XCVersionGroup section */
		95059D3026E798F000F8834B /* Zalak_DRCDemo.xcdatamodeld */ = {
			isa = XCVersionGroup;
			children = (
				95059D3126E798F000F8834B /* Zalak_DRCDemo.xcdatamodel */,
			);
			currentVersion = 95059D3126E798F000F8834B /* Zalak_DRCDemo.xcdatamodel */;
			path = Zalak_DRCDemo.xcdatamodeld;
			sourceTree = "<group>";
			versionGroupType = wrapper.xcdatamodel;
		};
/* End XCVersionGroup section */
	};
	rootObject = 95059D1C26E798F000F8834B /* Project object */;
}
